// !$*UTF8*$!
{
	archiveVersion = 1;
	classes = {
	};
	objectVersion = 56;
	objects = {

/* Begin PBXBuildFile section */
		5648796C2A855A28001626C9 /* TestForSparApp.swift in Sources */ = {isa = PBXBuildFile; fileRef = 5648796B2A855A28001626C9 /* TestForSparApp.swift */; };
		5648796E2A855A28001626C9 /* MainView.swift in Sources */ = {isa = PBXBuildFile; fileRef = 5648796D2A855A28001626C9 /* MainView.swift */; };
		564879702A855A2A001626C9 /* Assets.xcassets in Resources */ = {isa = PBXBuildFile; fileRef = 5648796F2A855A2A001626C9 /* Assets.xcassets */; };
		564879732A855A2A001626C9 /* Preview Assets.xcassets in Resources */ = {isa = PBXBuildFile; fileRef = 564879722A855A2A001626C9 /* Preview Assets.xcassets */; };
		564879862A8562FE001626C9 /* ViewExtensions.swift in Sources */ = {isa = PBXBuildFile; fileRef = 564879852A8562FE001626C9 /* ViewExtensions.swift */; };
		56599B222A86400C00FE9931 /* NavBar.swift in Sources */ = {isa = PBXBuildFile; fileRef = 56599B212A86400C00FE9931 /* NavBar.swift */; };
		56599B242A8645DE00FE9931 /* History.swift in Sources */ = {isa = PBXBuildFile; fileRef = 56599B232A8645DE00FE9931 /* History.swift */; };
		56AA5A562A864D3800F85DF2 /* TabBarNew.swift in Sources */ = {isa = PBXBuildFile; fileRef = 56AA5A552A864D3800F85DF2 /* TabBarNew.swift */; };
		56AA5A7F2A864EC800F85DF2 /* ColorExtensions.swift in Sources */ = {isa = PBXBuildFile; fileRef = 56AA5A7E2A864EC800F85DF2 /* ColorExtensions.swift */; };
		56AA5A822A865FB400F85DF2 /* SalesCard.swift in Sources */ = {isa = PBXBuildFile; fileRef = 56AA5A812A865FB400F85DF2 /* SalesCard.swift */; };
		56AA5A842A8660B300F85DF2 /* BonusCard.swift in Sources */ = {isa = PBXBuildFile; fileRef = 56AA5A832A8660B300F85DF2 /* BonusCard.swift */; };
		56AA5A862A86620400F85DF2 /* PromoRectungle.swift in Sources */ = {isa = PBXBuildFile; fileRef = 56AA5A852A86620400F85DF2 /* PromoRectungle.swift */; };
		56AA5A882A86657900F85DF2 /* Recomendation.swift in Sources */ = {isa = PBXBuildFile; fileRef = 56AA5A872A86657900F85DF2 /* Recomendation.swift */; };
		56AA5A8A2A866ADF00F85DF2 /* SweethMood.swift in Sources */ = {isa = PBXBuildFile; fileRef = 56AA5A892A866ADF00F85DF2 /* SweethMood.swift */; };
		56AA5A8D2A866C6800F85DF2 /* ScrolViewMain.swift in Sources */ = {isa = PBXBuildFile; fileRef = 56AA5A8C2A866C6800F85DF2 /* ScrolViewMain.swift */; };
/* End PBXBuildFile section */

/* Begin PBXFileReference section */
		564879682A855A28001626C9 /* TestForSpar.app */ = {isa = PBXFileReference; explicitFileType = wrapper.application; includeInIndex = 0; path = TestForSpar.app; sourceTree = BUILT_PRODUCTS_DIR; };
		5648796B2A855A28001626C9 /* TestForSparApp.swift */ = {isa = PBXFileReference; lastKnownFileType = sourcecode.swift; path = TestForSparApp.swift; sourceTree = "<group>"; };
		5648796D2A855A28001626C9 /* MainView.swift */ = {isa = PBXFileReference; lastKnownFileType = sourcecode.swift; path = MainView.swift; sourceTree = "<group>"; };
		5648796F2A855A2A001626C9 /* Assets.xcassets */ = {isa = PBXFileReference; lastKnownFileType = folder.assetcatalog; path = Assets.xcassets; sourceTree = "<group>"; };
		564879722A855A2A001626C9 /* Preview Assets.xcassets */ = {isa = PBXFileReference; lastKnownFileType = folder.assetcatalog; path = "Preview Assets.xcassets"; sourceTree = "<group>"; };
		564879852A8562FE001626C9 /* ViewExtensions.swift */ = {isa = PBXFileReference; lastKnownFileType = sourcecode.swift; path = ViewExtensions.swift; sourceTree = "<group>"; };
		56599B212A86400C00FE9931 /* NavBar.swift */ = {isa = PBXFileReference; lastKnownFileType = sourcecode.swift; path = NavBar.swift; sourceTree = "<group>"; };
		56599B232A8645DE00FE9931 /* History.swift */ = {isa = PBXFileReference; lastKnownFileType = sourcecode.swift; path = History.swift; sourceTree = "<group>"; };
		56AA5A552A864D3800F85DF2 /* TabBarNew.swift */ = {isa = PBXFileReference; lastKnownFileType = sourcecode.swift; path = TabBarNew.swift; sourceTree = "<group>"; };
		56AA5A7E2A864EC800F85DF2 /* ColorExtensions.swift */ = {isa = PBXFileReference; lastKnownFileType = sourcecode.swift; path = ColorExtensions.swift; sourceTree = "<group>"; };
		56AA5A812A865FB400F85DF2 /* SalesCard.swift */ = {isa = PBXFileReference; lastKnownFileType = sourcecode.swift; path = SalesCard.swift; sourceTree = "<group>"; };
		56AA5A832A8660B300F85DF2 /* BonusCard.swift */ = {isa = PBXFileReference; lastKnownFileType = sourcecode.swift; path = BonusCard.swift; sourceTree = "<group>"; };
		56AA5A852A86620400F85DF2 /* PromoRectungle.swift */ = {isa = PBXFileReference; lastKnownFileType = sourcecode.swift; path = PromoRectungle.swift; sourceTree = "<group>"; };
		56AA5A872A86657900F85DF2 /* Recomendation.swift */ = {isa = PBXFileReference; lastKnownFileType = sourcecode.swift; path = Recomendation.swift; sourceTree = "<group>"; };
		56AA5A892A866ADF00F85DF2 /* SweethMood.swift */ = {isa = PBXFileReference; lastKnownFileType = sourcecode.swift; path = SweethMood.swift; sourceTree = "<group>"; };
		56AA5A8C2A866C6800F85DF2 /* ScrolViewMain.swift */ = {isa = PBXFileReference; lastKnownFileType = sourcecode.swift; path = ScrolViewMain.swift; sourceTree = "<group>"; };
/* End PBXFileReference section */

/* Begin PBXFrameworksBuildPhase section */
		564879652A855A28001626C9 /* Frameworks */ = {
			isa = PBXFrameworksBuildPhase;
			buildActionMask = 2147483647;
			files = (
			);
			runOnlyForDeploymentPostprocessing = 0;
		};
/* End PBXFrameworksBuildPhase section */

/* Begin PBXGroup section */
		5648795F2A855A28001626C9 = {
			isa = PBXGroup;
			children = (
				5648796A2A855A28001626C9 /* TestForSpar */,
				564879692A855A28001626C9 /* Products */,
			);
			sourceTree = "<group>";
		};
		564879692A855A28001626C9 /* Products */ = {
			isa = PBXGroup;
			children = (
				564879682A855A28001626C9 /* TestForSpar.app */,
			);
			name = Products;
			sourceTree = "<group>";
		};
		5648796A2A855A28001626C9 /* TestForSpar */ = {
			isa = PBXGroup;
			children = (
				5648797B2A855A47001626C9 /* Views */,
				5648797A2A855A41001626C9 /* Model */,
				564879792A855A39001626C9 /* ViewModel */,
				564879712A855A2A001626C9 /* Preview Content */,
			);
			path = TestForSpar;
			sourceTree = "<group>";
		};
		564879712A855A2A001626C9 /* Preview Content */ = {
			isa = PBXGroup;
			children = (
				564879722A855A2A001626C9 /* Preview Assets.xcassets */,
				5648796F2A855A2A001626C9 /* Assets.xcassets */,
			);
			path = "Preview Content";
			sourceTree = "<group>";
		};
		564879792A855A39001626C9 /* ViewModel */ = {
			isa = PBXGroup;
			children = (
			);
			path = ViewModel;
			sourceTree = "<group>";
		};
		5648797A2A855A41001626C9 /* Model */ = {
			isa = PBXGroup;
			children = (
				5648796B2A855A28001626C9 /* TestForSparApp.swift */,
			);
			path = Model;
			sourceTree = "<group>";
		};
		5648797B2A855A47001626C9 /* Views */ = {
			isa = PBXGroup;
			children = (
				56F60A602A863AD200CF6009 /* ViewExtensions */,
				56AA5A802A865F0100F85DF2 /* ScrollView */,
				5648797E2A855ABC001626C9 /* Components */,
				56AA5A552A864D3800F85DF2 /* TabBarNew.swift */,
			);
			path = Views;
			sourceTree = "<group>";
		};
		5648797E2A855ABC001626C9 /* Components */ = {
			isa = PBXGroup;
			children = (
				56599B212A86400C00FE9931 /* NavBar.swift */,
				5648796D2A855A28001626C9 /* MainView.swift */,
			);
			path = Components;
			sourceTree = "<group>";
		};
		56AA5A802A865F0100F85DF2 /* ScrollView */ = {
			isa = PBXGroup;
			children = (
				56AA5A8B2A866B5B00F85DF2 /* ScrollViewComponents */,
				56AA5A8C2A866C6800F85DF2 /* ScrolViewMain.swift */,
			);
			path = ScrollView;
			sourceTree = "<group>";
		};
		56AA5A8B2A866B5B00F85DF2 /* ScrollViewComponents */ = {
			isa = PBXGroup;
			children = (
				56599B232A8645DE00FE9931 /* History.swift */,
				56AA5A812A865FB400F85DF2 /* SalesCard.swift */,
				56AA5A832A8660B300F85DF2 /* BonusCard.swift */,
				56AA5A852A86620400F85DF2 /* PromoRectungle.swift */,
				56AA5A872A86657900F85DF2 /* Recomendation.swift */,
				56AA5A892A866ADF00F85DF2 /* SweethMood.swift */,
			);
			path = ScrollViewComponents;
			sourceTree = "<group>";
		};
		56F60A602A863AD200CF6009 /* ViewExtensions */ = {
			isa = PBXGroup;
			children = (
				564879852A8562FE001626C9 /* ViewExtensions.swift */,
				56AA5A7E2A864EC800F85DF2 /* ColorExtensions.swift */,
			);
			path = ViewExtensions;
			sourceTree = "<group>";
		};
/* End PBXGroup section */

/* Begin PBXNativeTarget section */
		564879672A855A28001626C9 /* TestForSpar */ = {
			isa = PBXNativeTarget;
			buildConfigurationList = 564879762A855A2A001626C9 /* Build configuration list for PBXNativeTarget "TestForSpar" */;
			buildPhases = (
				564879642A855A28001626C9 /* Sources */,
				564879652A855A28001626C9 /* Frameworks */,
				564879662A855A28001626C9 /* Resources */,
			);
			buildRules = (
			);
			dependencies = (
			);
			name = TestForSpar;
			productName = TestForSpar;
			productReference = 564879682A855A28001626C9 /* TestForSpar.app */;
			productType = "com.apple.product-type.application";
		};
/* End PBXNativeTarget section */

/* Begin PBXProject section */
		564879602A855A28001626C9 /* Project object */ = {
			isa = PBXProject;
			attributes = {
				BuildIndependentTargetsInParallel = 1;
				LastSwiftUpdateCheck = 1500;
				LastUpgradeCheck = 1500;
				TargetAttributes = {
					564879672A855A28001626C9 = {
						CreatedOnToolsVersion = 15.0;
					};
				};
			};
			buildConfigurationList = 564879632A855A28001626C9 /* Build configuration list for PBXProject "TestForSpar" */;
			compatibilityVersion = "Xcode 14.0";
			developmentRegion = en;
			hasScannedForEncodings = 0;
			knownRegions = (
				en,
				Base,
			);
			mainGroup = 5648795F2A855A28001626C9;
			productRefGroup = 564879692A855A28001626C9 /* Products */;
			projectDirPath = "";
			projectRoot = "";
			targets = (
				564879672A855A28001626C9 /* TestForSpar */,
			);
		};
/* End PBXProject section */

/* Begin PBXResourcesBuildPhase section */
		564879662A855A28001626C9 /* Resources */ = {
			isa = PBXResourcesBuildPhase;
			buildActionMask = 2147483647;
			files = (
				564879732A855A2A001626C9 /* Preview Assets.xcassets in Resources */,
				564879702A855A2A001626C9 /* Assets.xcassets in Resources */,
			);
			runOnlyForDeploymentPostprocessing = 0;
		};
/* End PBXResourcesBuildPhase section */

/* Begin PBXSourcesBuildPhase section */
		564879642A855A28001626C9 /* Sources */ = {
			isa = PBXSourcesBuildPhase;
			buildActionMask = 2147483647;
			files = (
				56599B222A86400C00FE9931 /* NavBar.swift in Sources */,
				56AA5A882A86657900F85DF2 /* Recomendation.swift in Sources */,
				56AA5A8A2A866ADF00F85DF2 /* SweethMood.swift in Sources */,
				56AA5A862A86620400F85DF2 /* PromoRectungle.swift in Sources */,
				5648796E2A855A28001626C9 /* MainView.swift in Sources */,
				56AA5A8D2A866C6800F85DF2 /* ScrolViewMain.swift in Sources */,
				56AA5A562A864D3800F85DF2 /* TabBarNew.swift in Sources */,
				5648796C2A855A28001626C9 /* TestForSparApp.swift in Sources */,
				56AA5A842A8660B300F85DF2 /* BonusCard.swift in Sources */,
				56AA5A822A865FB400F85DF2 /* SalesCard.swift in Sources */,
				564879862A8562FE001626C9 /* ViewExtensions.swift in Sources */,
				56599B242A8645DE00FE9931 /* History.swift in Sources */,
				56AA5A7F2A864EC800F85DF2 /* ColorExtensions.swift in Sources */,
			);
			runOnlyForDeploymentPostprocessing = 0;
		};
/* End PBXSourcesBuildPhase section */

/* Begin XCBuildConfiguration section */
		564879742A855A2A001626C9 /* Debug */ = {
			isa = XCBuildConfiguration;
			buildSettings = {
				ALWAYS_SEARCH_USER_PATHS = NO;
				ASSETCATALOG_COMPILER_GENERATE_SWIFT_ASSET_SYMBOL_EXTENSIONS = YES;
				CLANG_ANALYZER_NONNULL = YES;
				CLANG_ANALYZER_NUMBER_OBJECT_CONVERSION = YES_AGGRESSIVE;
				CLANG_CXX_LANGUAGE_STANDARD = "gnu++20";
				CLANG_ENABLE_MODULES = YES;
				CLANG_ENABLE_OBJC_ARC = YES;
				CLANG_ENABLE_OBJC_WEAK = YES;
				CLANG_WARN_BLOCK_CAPTURE_AUTORELEASING = YES;
				CLANG_WARN_BOOL_CONVERSION = YES;
				CLANG_WARN_COMMA = YES;
				CLANG_WARN_CONSTANT_CONVERSION = YES;
				CLANG_WARN_DEPRECATED_OBJC_IMPLEMENTATIONS = YES;
				CLANG_WARN_DIRECT_OBJC_ISA_USAGE = YES_ERROR;
				CLANG_WARN_DOCUMENTATION_COMMENTS = YES;
				CLANG_WARN_EMPTY_BODY = YES;
				CLANG_WARN_ENUM_CONVERSION = YES;
				CLANG_WARN_INFINITE_RECURSION = YES;
				CLANG_WARN_INT_CONVERSION = YES;
				CLANG_WARN_NON_LITERAL_NULL_CONVERSION = YES;
				CLANG_WARN_OBJC_IMPLICIT_RETAIN_SELF = YES;
				CLANG_WARN_OBJC_LITERAL_CONVERSION = YES;
				CLANG_WARN_OBJC_ROOT_CLASS = YES_ERROR;
				CLANG_WARN_QUOTED_INCLUDE_IN_FRAMEWORK_HEADER = YES;
				CLANG_WARN_RANGE_LOOP_ANALYSIS = YES;
				CLANG_WARN_STRICT_PROTOTYPES = YES;
				CLANG_WARN_SUSPICIOUS_MOVE = YES;
				CLANG_WARN_UNGUARDED_AVAILABILITY = YES_AGGRESSIVE;
				CLANG_WARN_UNREACHABLE_CODE = YES;
				CLANG_WARN__DUPLICATE_METHOD_MATCH = YES;
				COPY_PHASE_STRIP = NO;
				DEBUG_INFORMATION_FORMAT = dwarf;
				ENABLE_STRICT_OBJC_MSGSEND = YES;
				ENABLE_TESTABILITY = YES;
				ENABLE_USER_SCRIPT_SANDBOXING = YES;
				GCC_C_LANGUAGE_STANDARD = gnu17;
				GCC_DYNAMIC_NO_PIC = NO;
				GCC_NO_COMMON_BLOCKS = YES;
				GCC_OPTIMIZATION_LEVEL = 0;
				GCC_PREPROCESSOR_DEFINITIONS = (
					"DEBUG=1",
					"$(inherited)",
				);
				GCC_WARN_64_TO_32_BIT_CONVERSION = YES;
				GCC_WARN_ABOUT_RETURN_TYPE = YES_ERROR;
				GCC_WARN_UNDECLARED_SELECTOR = YES;
				GCC_WARN_UNINITIALIZED_AUTOS = YES_AGGRESSIVE;
				GCC_WARN_UNUSED_FUNCTION = YES;
				GCC_WARN_UNUSED_VARIABLE = YES;
				IPHONEOS_DEPLOYMENT_TARGET = 17.0;
				LOCALIZATION_PREFERS_STRING_CATALOGS = YES;
				MTL_ENABLE_DEBUG_INFO = INCLUDE_SOURCE;
				MTL_FAST_MATH = YES;
				ONLY_ACTIVE_ARCH = YES;
				SDKROOT = iphoneos;
				SWIFT_ACTIVE_COMPILATION_CONDITIONS = "DEBUG $(inherited)";
				SWIFT_OPTIMIZATION_LEVEL = "-Onone";
			};
			name = Debug;
		};
		564879752A855A2A001626C9 /* Release */ = {
			isa = XCBuildConfiguration;
			buildSettings = {
				ALWAYS_SEARCH_USER_PATHS = NO;
				ASSETCATALOG_COMPILER_GENERATE_SWIFT_ASSET_SYMBOL_EXTENSIONS = YES;
				CLANG_ANALYZER_NONNULL = YES;
				CLANG_ANALYZER_NUMBER_OBJECT_CONVERSION = YES_AGGRESSIVE;
				CLANG_CXX_LANGUAGE_STANDARD = "gnu++20";
				CLANG_ENABLE_MODULES = YES;
				CLANG_ENABLE_OBJC_ARC = YES;
				CLANG_ENABLE_OBJC_WEAK = YES;
				CLANG_WARN_BLOCK_CAPTURE_AUTORELEASING = YES;
				CLANG_WARN_BOOL_CONVERSION = YES;
				CLANG_WARN_COMMA = YES;
				CLANG_WARN_CONSTANT_CONVERSION = YES;
				CLANG_WARN_DEPRECATED_OBJC_IMPLEMENTATIONS = YES;
				CLANG_WARN_DIRECT_OBJC_ISA_USAGE = YES_ERROR;
				CLANG_WARN_DOCUMENTATION_COMMENTS = YES;
				CLANG_WARN_EMPTY_BODY = YES;
				CLANG_WARN_ENUM_CONVERSION = YES;
				CLANG_WARN_INFINITE_RECURSION = YES;
				CLANG_WARN_INT_CONVERSION = YES;
				CLANG_WARN_NON_LITERAL_NULL_CONVERSION = YES;
				CLANG_WARN_OBJC_IMPLICIT_RETAIN_SELF = YES;
				CLANG_WARN_OBJC_LITERAL_CONVERSION = YES;
				CLANG_WARN_OBJC_ROOT_CLASS = YES_ERROR;
				CLANG_WARN_QUOTED_INCLUDE_IN_FRAMEWORK_HEADER = YES;
				CLANG_WARN_RANGE_LOOP_ANALYSIS = YES;
				CLANG_WARN_STRICT_PROTOTYPES = YES;
				CLANG_WARN_SUSPICIOUS_MOVE = YES;
				CLANG_WARN_UNGUARDED_AVAILABILITY = YES_AGGRESSIVE;
				CLANG_WARN_UNREACHABLE_CODE = YES;
				CLANG_WARN__DUPLICATE_METHOD_MATCH = YES;
				COPY_PHASE_STRIP = NO;
				DEBUG_INFORMATION_FORMAT = "dwarf-with-dsym";
				ENABLE_NS_ASSERTIONS = NO;
				ENABLE_STRICT_OBJC_MSGSEND = YES;
				ENABLE_USER_SCRIPT_SANDBOXING = YES;
				GCC_C_LANGUAGE_STANDARD = gnu17;
				GCC_NO_COMMON_BLOCKS = YES;
				GCC_WARN_64_TO_32_BIT_CONVERSION = YES;
				GCC_WARN_ABOUT_RETURN_TYPE = YES_ERROR;
				GCC_WARN_UNDECLARED_SELECTOR = YES;
				GCC_WARN_UNINITIALIZED_AUTOS = YES_AGGRESSIVE;
				GCC_WARN_UNUSED_FUNCTION = YES;
				GCC_WARN_UNUSED_VARIABLE = YES;
				IPHONEOS_DEPLOYMENT_TARGET = 17.0;
				LOCALIZATION_PREFERS_STRING_CATALOGS = YES;
				MTL_ENABLE_DEBUG_INFO = NO;
				MTL_FAST_MATH = YES;
				SDKROOT = iphoneos;
				SWIFT_COMPILATION_MODE = wholemodule;
				VALIDATE_PRODUCT = YES;
			};
			name = Release;
		};
		564879772A855A2A001626C9 /* Debug */ = {
			isa = XCBuildConfiguration;
			buildSettings = {
				ASSETCATALOG_COMPILER_APPICON_NAME = AppIcon;
				ASSETCATALOG_COMPILER_GLOBAL_ACCENT_COLOR_NAME = AccentColor;
				CODE_SIGN_STYLE = Automatic;
				CURRENT_PROJECT_VERSION = 1;
				DEVELOPMENT_ASSET_PATHS = "\"TestForSpar/Preview Content\"";
				DEVELOPMENT_TEAM = 4QHK2U5ZRN;
				ENABLE_PREVIEWS = YES;
				GENERATE_INFOPLIST_FILE = YES;
				INFOPLIST_KEY_UIApplicationSceneManifest_Generation = YES;
				INFOPLIST_KEY_UIApplicationSupportsIndirectInputEvents = YES;
				INFOPLIST_KEY_UILaunchScreen_Generation = YES;
				INFOPLIST_KEY_UISupportedInterfaceOrientations_iPad = "UIInterfaceOrientationPortrait UIInterfaceOrientationPortraitUpsideDown UIInterfaceOrientationLandscapeLeft UIInterfaceOrientationLandscapeRight";
				INFOPLIST_KEY_UISupportedInterfaceOrientations_iPhone = "UIInterfaceOrientationPortrait UIInterfaceOrientationLandscapeLeft UIInterfaceOrientationLandscapeRight";
				IPHONEOS_DEPLOYMENT_TARGET = 14.0;
				LD_RUNPATH_SEARCH_PATHS = (
					"$(inherited)",
					"@executable_path/Frameworks",
				);
				MARKETING_VERSION = 1.0;
				PRODUCT_BUNDLE_IDENTIFIER = roslog.TestForSpar;
				PRODUCT_NAME = "$(TARGET_NAME)";
				SWIFT_EMIT_LOC_STRINGS = YES;
				SWIFT_VERSION = 5.0;
				TARGETED_DEVICE_FAMILY = "1,2";
			};
			name = Debug;
		};
		564879782A855A2A001626C9 /* Release */ = {
			isa = XCBuildConfiguration;
			buildSettings = {
				ASSETCATALOG_COMPILER_APPICON_NAME = AppIcon;
				ASSETCATALOG_COMPILER_GLOBAL_ACCENT_COLOR_NAME = AccentColor;
				CODE_SIGN_STYLE = Automatic;
				CURRENT_PROJECT_VERSION = 1;
				DEVELOPMENT_ASSET_PATHS = "\"TestForSpar/Preview Content\"";
				DEVELOPMENT_TEAM = 4QHK2U5ZRN;
				ENABLE_PREVIEWS = YES;
				GENERATE_INFOPLIST_FILE = YES;
				INFOPLIST_KEY_UIApplicationSceneManifest_Generation = YES;
				INFOPLIST_KEY_UIApplicationSupportsIndirectInputEvents = YES;
				INFOPLIST_KEY_UILaunchScreen_Generation = YES;
				INFOPLIST_KEY_UISupportedInterfaceOrientations_iPad = "UIInterfaceOrientationPortrait UIInterfaceOrientationPortraitUpsideDown UIInterfaceOrientationLandscapeLeft UIInterfaceOrientationLandscapeRight";
				INFOPLIST_KEY_UISupportedInterfaceOrientations_iPhone = "UIInterfaceOrientationPortrait UIInterfaceOrientationLandscapeLeft UIInterfaceOrientationLandscapeRight";
				IPHONEOS_DEPLOYMENT_TARGET = 14.0;
				LD_RUNPATH_SEARCH_PATHS = (
					"$(inherited)",
					"@executable_path/Frameworks",
				);
				MARKETING_VERSION = 1.0;
				PRODUCT_BUNDLE_IDENTIFIER = roslog.TestForSpar;
				PRODUCT_NAME = "$(TARGET_NAME)";
				SWIFT_EMIT_LOC_STRINGS = YES;
				SWIFT_VERSION = 5.0;
				TARGETED_DEVICE_FAMILY = "1,2";
			};
			name = Release;
		};
/* End XCBuildConfiguration section */

/* Begin XCConfigurationList section */
		564879632A855A28001626C9 /* Build configuration list for PBXProject "TestForSpar" */ = {
			isa = XCConfigurationList;
			buildConfigurations = (
				564879742A855A2A001626C9 /* Debug */,
				564879752A855A2A001626C9 /* Release */,
			);
			defaultConfigurationIsVisible = 0;
			defaultConfigurationName = Release;
		};
		564879762A855A2A001626C9 /* Build configuration list for PBXNativeTarget "TestForSpar" */ = {
			isa = XCConfigurationList;
			buildConfigurations = (
				564879772A855A2A001626C9 /* Debug */,
				564879782A855A2A001626C9 /* Release */,
			);
			defaultConfigurationIsVisible = 0;
			defaultConfigurationName = Release;
		};
/* End XCConfigurationList section */
	};
	rootObject = 564879602A855A28001626C9 /* Project object */;
}
